
Microsoft Visual Studio Solution File, Format Version 12.00
# Visual Studio Version 17
VisualStudioVersion = 17.0.31903.59
MinimumVisualStudioVersion = 10.0.40219.1
Project("{FAE04EC0-301F-11D3-BF4B-00C04F79EFBC}") = "PartialFunctions", "PartialFunctions\PartialFunctions.csproj", "{4D730EBE-8B1C-4435-8B26-AA92706D305B}"
EndProject
Project("{FAE04EC0-301F-11D3-BF4B-00C04F79EFBC}") = "LeVentDemo", "LeVentDemo\LeVentDemo.csproj", "{195650AA-7420-428F-8D90-EB2D46BD53D1}"
EndProject
Global
	GlobalSection(SolutionConfigurationPlatforms) = preSolution
		Debug|Any CPU = Debug|Any CPU
		Release|Any CPU = Release|Any CPU
	EndGlobalSection
	GlobalSection(SolutionProperties) = preSolution
		HideSolutionNode = FALSE
	EndGlobalSection
	GlobalSection(ProjectConfigurationPlatforms) = postSolution
		{4D730EBE-8B1C-4435-8B26-AA92706D305B}.Debug|Any CPU.ActiveCfg = Debug|Any CPU
		{4D730EBE-8B1C-4435-8B26-AA92706D305B}.Debug|Any CPU.Build.0 = Debug|Any CPU
		{4D730EBE-8B1C-4435-8B26-AA92706D305B}.Release|Any CPU.ActiveCfg = Release|Any CPU
		{4D730EBE-8B1C-4435-8B26-AA92706D305B}.Release|Any CPU.Build.0 = Release|Any CPU
		{195650AA-7420-428F-8D90-EB2D46BD53D1}.Debug|Any CPU.ActiveCfg = Debug|Any CPU
		{195650AA-7420-428F-8D90-EB2D46BD53D1}.Debug|Any CPU.Build.0 = Debug|Any CPU
		{195650AA-7420-428F-8D90-EB2D46BD53D1}.Release|Any CPU.ActiveCfg = Release|Any CPU
		{195650AA-7420-428F-8D90-EB2D46BD53D1}.Release|Any CPU.Build.0 = Release|Any CPU
	EndGlobalSection
EndGlobal
