
Microsoft Visual Studio Solution File, Format Version 12.00
# Visual Studio Version 17
VisualStudioVersion = 17.0.31903.59
MinimumVisualStudioVersion = 10.0.40219.1
Project("{FAE04EC0-301F-11D3-BF4B-00C04F79EFBC}") = "CulDeSacApi", "CulDeSacApi\CulDeSacApi.csproj", "{400C414E-BF15-40BD-8FB5-34B9EDCF0B8E}"
EndProject
Project("{FAE04EC0-301F-11D3-BF4B-00C04F79EFBC}") = "CulDeSacApi.Tests.Unit", "CulDeSacApi.Tests.Unit\CulDeSacApi.Tests.Unit.csproj", "{C6679BA7-78E8-4777-9344-41D81DBE27A2}"
EndProject
Global
	GlobalSection(SolutionConfigurationPlatforms) = preSolution
		Debug|Any CPU = Debug|Any CPU
		Release|Any CPU = Release|Any CPU
	EndGlobalSection
	GlobalSection(SolutionProperties) = preSolution
		HideSolutionNode = FALSE
	EndGlobalSection
	GlobalSection(ProjectConfigurationPlatforms) = postSolution
		{400C414E-BF15-40BD-8FB5-34B9EDCF0B8E}.Debug|Any CPU.ActiveCfg = Debug|Any CPU
		{400C414E-BF15-40BD-8FB5-34B9EDCF0B8E}.Debug|Any CPU.Build.0 = Debug|Any CPU
		{400C414E-BF15-40BD-8FB5-34B9EDCF0B8E}.Release|Any CPU.ActiveCfg = Release|Any CPU
		{400C414E-BF15-40BD-8FB5-34B9EDCF0B8E}.Release|Any CPU.Build.0 = Release|Any CPU
		{C6679BA7-78E8-4777-9344-41D81DBE27A2}.Debug|Any CPU.ActiveCfg = Debug|Any CPU
		{C6679BA7-78E8-4777-9344-41D81DBE27A2}.Debug|Any CPU.Build.0 = Debug|Any CPU
		{C6679BA7-78E8-4777-9344-41D81DBE27A2}.Release|Any CPU.ActiveCfg = Release|Any CPU
		{C6679BA7-78E8-4777-9344-41D81DBE27A2}.Release|Any CPU.Build.0 = Release|Any CPU
	EndGlobalSection
EndGlobal
